<?xml version="1.0" encoding="UTF-8"?>
<CONFIG>
  <ProjectOptions>
    <Version Value="12"/>
    <PathDelim Value="\"/>
    <General>
      <Flags>
        <LRSInOutputDirectory Value="False"/>
        <CompatibilityMode Value="True"/>
      </Flags>
      <Title Value="PeaZip"/>
      <Scaled Value="True"/>
      <UseXPManifest Value="True"/>
      <XPManifest>
        <DpiAware Value="True"/>
      </XPManifest>
      <Icon Value="0"/>
    </General>
    <BuildModes Count="1">
      <Item1 Name="default" Default="True"/>
    </BuildModes>
    <PublishOptions>
      <Version Value="2"/>
      <DestinationDirectory Value="C:\Documents and Settings\Giorgio\Desktop\Nuova cartella"/>
    </PublishOptions>
    <RunParams>
      <FormatVersion Value="2"/>
      <Modes Count="1">
        <Mode0 Name="default"/>
      </Modes>
    </RunParams>
    <RequiredPackages Count="4">
      <Item1>
        <PackageName Value="MetaDarkStyle"/>
      </Item1>
      <Item2>
        <PackageName Value="SynEdit"/>
        <MinVersion Major="1" Valid="True"/>
      </Item2>
      <Item3>
        <PackageName Value="LCL"/>
      </Item3>
      <Item4>
        <PackageName Value="FCL"/>
        <MinVersion Major="1" Valid="True"/>
      </Item4>
    </RequiredPackages>
    <Units Count="200">
      <Unit0>
        <Filename Value="project_peach.lpr"/>
        <IsPartOfProject Value="True"/>
        <EditorIndex Value="19"/>
        <TopLine Value="7"/>
        <CursorPos X="27" Y="18"/>
        <UsageCount Value="200"/>
        <Loaded Value="True"/>
        <LoadedDesigner Value="True"/>
      </Unit0>
      <Unit1>
        <Filename Value="peach.pas"/>
        <IsPartOfProject Value="True"/>
        <ComponentName Value="Form_peach"/>
        <HasResources Value="True"/>
        <ResourceBaseClass Value="Form"/>
        <IsVisibleTab Value="True"/>
        <TopLine Value="181"/>
        <CursorPos X="19" Y="189"/>
        <UsageCount Value="200"/>
        <Bookmarks Count="1">
          <Item0 X="9" Y="41183" ID="8"/>
        </Bookmarks>
        <Loaded Value="True"/>
        <LoadedDesigner Value="True"/>
      </Unit1>
      <Unit2>
        <Filename Value="list_utils.pas"/>
        <EditorIndex Value="16"/>
        <TopLine Value="1919"/>
        <CursorPos X="22" Y="1970"/>
        <UsageCount Value="100"/>
        <Loaded Value="True"/>
      </Unit2>
      <Unit3>
        <Filename Value="pea_utils.pas"/>
        <EditorIndex Value="18"/>
        <TopLine Value="472"/>
        <CursorPos Y="481"/>
        <UsageCount Value="100"/>
        <Loaded Value="True"/>
      </Unit3>
      <Unit4>
        <Filename Value="V:\lazarus\WinXp\WinXP.pas"/>
        <CursorPos X="19" Y="13"/>
        <UsageCount Value="10"/>
      </Unit4>
      <Unit5>
        <Filename Value="we\mem_util.pas"/>
        <TopLine Value="63"/>
        <CursorPos X="6"/>
        <UsageCount Value="4"/>
      </Unit5>
      <Unit6>
        <Filename Value="V:\lazarus\lcl\graphics.pp"/>
        <TopLine Value="946"/>
        <CursorPos X="15" Y="963"/>
        <UsageCount Value="10"/>
      </Unit6>
      <Unit7>
        <Filename Value="we\aes_ctr.pas"/>
        <TopLine Value="5"/>
        <CursorPos X="14"/>
        <UsageCount Value="9"/>
      </Unit7>
      <Unit8>
        <Filename Value="ansiutf8_utils.pas"/>
        <EditorIndex Value="15"/>
        <TopLine Value="77"/>
        <CursorPos Y="87"/>
        <UsageCount Value="100"/>
        <Loaded Value="True"/>
      </Unit8>
      <Unit9>
        <Filename Value="unit1.pas"/>
        <IsPartOfProject Value="True"/>
        <ComponentName Value="FormAdvf"/>
        <HasResources Value="True"/>
        <ResourceBaseClass Value="Form"/>
        <UnitName Value="Unit1"/>
        <EditorIndex Value="3"/>
        <TopLine Value="74"/>
        <CursorPos X="45" Y="86"/>
        <UsageCount Value="200"/>
        <Loaded Value="True"/>
        <LoadedDesigner Value="True"/>
      </Unit9>
      <Unit10>
        <Filename Value="unit2.pas"/>
        <IsPartOfProject Value="True"/>
        <ComponentName Value="FormWeb"/>
        <HasResources Value="True"/>
        <ResourceBaseClass Value="Form"/>
        <UnitName Value="Unit2"/>
        <EditorIndex Value="4"/>
        <TopLine Value="31"/>
        <CursorPos X="33" Y="33"/>
        <UsageCount Value="200"/>
        <Loaded Value="True"/>
        <LoadedDesigner Value="True"/>
      </Unit10>
      <Unit11>
        <Filename Value="unit3.pas"/>
        <IsPartOfProject Value="True"/>
        <ComponentName Value="FormPW"/>
        <HasResources Value="True"/>
        <ResourceBaseClass Value="Form"/>
        <UnitName Value="Unit3"/>
        <EditorIndex Value="5"/>
        <TopLine Value="190"/>
        <CursorPos X="15" Y="193"/>
        <UsageCount Value="201"/>
        <Loaded Value="True"/>
        <LoadedDesigner Value="True"/>
      </Unit11>
      <Unit12>
        <Filename Value="peach.lfm"/>
        <ComponentName Value="Form_peach"/>
        <HasResources Value="True"/>
        <ResourceBaseClass Value="Form"/>
        <CursorPos X="33"/>
        <UsageCount Value="65"/>
        <DefaultSyntaxHighlighter Value="LFM"/>
      </Unit12>
      <Unit13>
        <Filename Value="unit4.pas"/>
        <ComponentName Value="FormAbout"/>
        <HasResources Value="True"/>
        <ResourceBaseClass Value="Form"/>
        <CursorPos X="4" Y="119"/>
        <UsageCount Value="198"/>
      </Unit13>
      <Unit14>
        <Filename Value="unit5.pas"/>
        <IsPartOfProject Value="True"/>
        <ComponentName Value="FormKF"/>
        <HasResources Value="True"/>
        <ResourceBaseClass Value="Form"/>
        <UnitName Value="Unit5"/>
        <EditorIndex Value="6"/>
        <TopLine Value="91"/>
        <CursorPos X="83" Y="133"/>
        <UsageCount Value="202"/>
        <Loaded Value="True"/>
        <LoadedDesigner Value="True"/>
      </Unit14>
      <Unit15>
        <Filename Value="unit6.pas"/>
        <IsPartOfProject Value="True"/>
        <ComponentName Value="FormInput"/>
        <HasResources Value="True"/>
        <ResourceBaseClass Value="Form"/>
        <UnitName Value="Unit6"/>
        <EditorIndex Value="7"/>
        <TopLine Value="33"/>
        <CursorPos X="16" Y="44"/>
        <UsageCount Value="200"/>
        <Loaded Value="True"/>
        <LoadedDesigner Value="True"/>
      </Unit15>
      <Unit16>
        <Filename Value="unit7.pas"/>
        <IsPartOfProject Value="True"/>
        <ComponentName Value="FormDlg"/>
        <HasResources Value="True"/>
        <ResourceBaseClass Value="Form"/>
        <UnitName Value="Unit7"/>
        <EditorIndex Value="8"/>
        <TopLine Value="27"/>
        <CursorPos X="27" Y="39"/>
        <UsageCount Value="200"/>
        <Loaded Value="True"/>
        <LoadedDesigner Value="True"/>
      </Unit16>
      <Unit17>
        <Filename Value="V:\lazarus\fpc\2.2.2\source\rtl\inc\wstringh.inc"/>
        <CursorPos X="10" Y="23"/>
        <UsageCount Value="10"/>
      </Unit17>
      <Unit18>
        <Filename Value="V:\lazarus\fpc\2.2.2\source\rtl\win\redef.inc"/>
        <TopLine Value="631"/>
        <CursorPos X="19" Y="653"/>
        <UsageCount Value="10"/>
      </Unit18>
      <Unit19>
        <Filename Value="V:\lazarus\fpc\2.2.2\source\rtl\win\func.inc"/>
        <TopLine Value="461"/>
        <CursorPos X="76" Y="480"/>
        <UsageCount Value="10"/>
      </Unit19>
      <Unit20>
        <Filename Value="V:\lazarus\fpc\2.2.2\source\rtl\win\struct.inc"/>
        <TopLine Value="204"/>
        <CursorPos X="6" Y="226"/>
        <UsageCount Value="10"/>
      </Unit20>
      <Unit21>
        <Filename Value="V:\lazarus\lcl\dialogs.pp"/>
        <TopLine Value="483"/>
        <CursorPos X="10" Y="505"/>
        <UsageCount Value="10"/>
      </Unit21>
      <Unit22>
        <Filename Value="V:\lazarus\fpc\2.2.2\source\rtl\win\ascdef.inc"/>
        <TopLine Value="99"/>
        <CursorPos X="10" Y="118"/>
        <UsageCount Value="10"/>
      </Unit22>
      <Unit23>
        <Filename Value="V:\lazarus\fpc\2.2.2\source\rtl\win\finah.inc"/>
        <CursorPos X="10" Y="25"/>
        <UsageCount Value="10"/>
      </Unit23>
      <Unit24>
        <Filename Value="V:\lazarus\fpc\2.2.4\source\rtl\win32\classes.pp"/>
        <TopLine Value="7"/>
        <CursorPos X="5" Y="27"/>
        <UsageCount Value="10"/>
      </Unit24>
      <Unit25>
        <Filename Value="V:\lazarus\fpc\2.2.4\source\rtl\win\sysutils.pp"/>
        <TopLine Value="14"/>
        <CursorPos X="2" Y="34"/>
        <UsageCount Value="10"/>
      </Unit25>
      <Unit26>
        <Filename Value="V:\lazarus\fpc\2.2.4\source\rtl\win\sysutilh.inc"/>
        <TopLine Value="176"/>
        <CursorPos X="112" Y="208"/>
        <UsageCount Value="10"/>
      </Unit26>
      <Unit27>
        <Filename Value="V:\lazarus\fpc\2.2.4\source\rtl\win\osutilsh.inc"/>
        <TopLine Value="8"/>
        <CursorPos X="24" Y="28"/>
        <UsageCount Value="10"/>
      </Unit27>
      <Unit28>
        <Filename Value="V:\lazarus\fpc\2.2.4\source\rtl\win\fina.inc"/>
        <TopLine Value="250"/>
        <CursorPos X="31" Y="281"/>
        <UsageCount Value="10"/>
      </Unit28>
      <Unit29>
        <Filename Value="V:\lazarus\fpc\2.2.4\source\rtl\win\syspch.inc"/>
        <TopLine Value="12"/>
        <CursorPos X="5" Y="32"/>
        <UsageCount Value="10"/>
      </Unit29>
      <Unit30>
        <Filename Value="V:\lazarus\fpc\2.2.4\source\rtl\objpas\sysutils\filutilh.inc"/>
        <TopLine Value="63"/>
        <CursorPos X="10" Y="94"/>
        <UsageCount Value="10"/>
      </Unit30>
      <Unit31>
        <Filename Value="V:\lazarus\fpc\2.2.4\source\rtl\objpas\sysutils\finah.inc"/>
        <TopLine Value="3"/>
        <CursorPos Y="32"/>
        <UsageCount Value="10"/>
      </Unit31>
      <Unit32>
        <Filename Value="V:\lazarus\fpc\2.2.4\source\rtl\objpas\sysutils\osutilsh.inc"/>
        <CursorPos X="10" Y="21"/>
        <UsageCount Value="10"/>
      </Unit32>
      <Unit33>
        <Filename Value="V:\lazarus\lcl\interfaces\win32\win32wsbuttons.pp"/>
        <TopLine Value="475"/>
        <CursorPos Y="495"/>
        <UsageCount Value="10"/>
      </Unit33>
      <Unit34>
        <Filename Value="V:\lazarus\fpc\2.2.4\source\rtl\win\wininc\redef.inc"/>
        <TopLine Value="636"/>
        <CursorPos X="11" Y="656"/>
        <UsageCount Value="10"/>
      </Unit34>
      <Unit35>
        <Filename Value="aes_type.pas"/>
        <TopLine Value="81"/>
        <CursorPos Y="107"/>
        <UsageCount Value="8"/>
      </Unit35>
      <Unit36>
        <Filename Value="fcaes256.pas"/>
        <TopLine Value="254"/>
        <CursorPos Y="277"/>
        <UsageCount Value="8"/>
      </Unit36>
      <Unit37>
        <Filename Value="aes_base.pas"/>
        <TopLine Value="357"/>
        <CursorPos Y="381"/>
        <UsageCount Value="8"/>
      </Unit37>
      <Unit38>
        <Filename Value="unit2.lfm"/>
        <CursorPos X="21" Y="6"/>
        <UsageCount Value="8"/>
        <DefaultSyntaxHighlighter Value="LFM"/>
      </Unit38>
      <Unit39>
        <Filename Value="I:\lazarus\lcl\controls.pp"/>
        <TopLine Value="1926"/>
        <CursorPos X="22" Y="1956"/>
        <UsageCount Value="9"/>
      </Unit39>
      <Unit40>
        <Filename Value="I:\lazarus\lcl\include\control.inc"/>
        <TopLine Value="54"/>
        <CursorPos X="3" Y="66"/>
        <UsageCount Value="8"/>
      </Unit40>
      <Unit41>
        <Filename Value="I:\lazarus\fpc\2.2.4\source\rtl\win\wininc\redef.inc"/>
        <TopLine Value="468"/>
        <CursorPos X="10" Y="492"/>
        <UsageCount Value="8"/>
      </Unit41>
      <Unit42>
        <Filename Value="I:\lazarus\lcl\imglist.pp"/>
        <TopLine Value="85"/>
        <CursorPos X="14" Y="201"/>
        <UsageCount Value="9"/>
      </Unit42>
      <Unit43>
        <Filename Value="I:\lazarus\lcl\graphtype.pp"/>
        <TopLine Value="28"/>
        <CursorPos X="3" Y="52"/>
        <UsageCount Value="8"/>
      </Unit43>
      <Unit44>
        <Filename Value="unit1.lfm"/>
        <CursorPos X="28"/>
        <UsageCount Value="8"/>
        <DefaultSyntaxHighlighter Value="LFM"/>
      </Unit44>
      <Unit45>
        <Filename Value="unit3.lfm"/>
        <CursorPos X="33" Y="9"/>
        <UsageCount Value="8"/>
        <DefaultSyntaxHighlighter Value="LFM"/>
      </Unit45>
      <Unit46>
        <Filename Value="unit4.lfm"/>
        <CursorPos X="23" Y="6"/>
        <UsageCount Value="8"/>
        <DefaultSyntaxHighlighter Value="LFM"/>
      </Unit46>
      <Unit47>
        <Filename Value="unit5.lfm"/>
        <CursorPos X="20" Y="6"/>
        <UsageCount Value="8"/>
        <DefaultSyntaxHighlighter Value="LFM"/>
      </Unit47>
      <Unit48>
        <Filename Value="unit6.lfm"/>
        <CursorPos X="29"/>
        <UsageCount Value="8"/>
        <DefaultSyntaxHighlighter Value="LFM"/>
      </Unit48>
      <Unit49>
        <Filename Value="I:\lazarus\lcl\buttons.pp"/>
        <TopLine Value="405"/>
        <CursorPos X="30" Y="401"/>
        <UsageCount Value="8"/>
      </Unit49>
      <Unit50>
        <Filename Value="I:\lazarus\fpc\2.2.4\source\rtl\objpas\sysutils\sysstrh.inc"/>
        <TopLine Value="91"/>
        <CursorPos X="10" Y="115"/>
        <UsageCount Value="8"/>
      </Unit50>
      <Unit51>
        <Filename Value="unit7.lfm"/>
        <EditorIndex Value="-1"/>
        <CursorPos X="22" Y="6"/>
        <UsageCount Value="8"/>
        <DefaultSyntaxHighlighter Value="LFM"/>
      </Unit51>
      <Unit52>
        <Filename Value="I:\lazarus\lcl\dialogs.pp"/>
        <TopLine Value="19"/>
        <CursorPos X="41" Y="36"/>
        <UsageCount Value="10"/>
      </Unit52>
      <Unit53>
        <Filename Value="btypes.pas"/>
        <TopLine Value="130"/>
        <CursorPos Y="177"/>
        <UsageCount Value="9"/>
      </Unit53>
      <Unit54>
        <Filename Value="C:\lazarus\lcl\shellctrls.pas"/>
        <TopLine Value="38"/>
        <CursorPos X="3" Y="97"/>
        <UsageCount Value="5"/>
      </Unit54>
      <Unit55>
        <Filename Value="C:\lazarus\lcl\comctrls.pp"/>
        <UnitName Value="ComCtrls"/>
        <EditorIndex Value="-1"/>
        <TopLine Value="3680"/>
        <CursorPos X="19" Y="3723"/>
        <UsageCount Value="12"/>
      </Unit55>
      <Unit56>
        <Filename Value="C:\lazarus\fpc\2.4.2\source\rtl\objpas\classes\classesh.inc"/>
        <TopLine Value="661"/>
        <CursorPos X="3" Y="659"/>
        <UsageCount Value="4"/>
      </Unit56>
      <Unit57>
        <Filename Value="img_utils.pas"/>
        <EditorIndex Value="17"/>
        <TopLine Value="392"/>
        <CursorPos X="8" Y="397"/>
        <UsageCount Value="100"/>
        <Loaded Value="True"/>
      </Unit57>
      <Unit58>
        <Filename Value="C:\lazarus\lcl\forms.pp"/>
        <UnitName Value="Forms"/>
        <EditorIndex Value="-1"/>
        <TopLine Value="381"/>
        <CursorPos X="3" Y="407"/>
        <UsageCount Value="9"/>
      </Unit58>
      <Unit59>
        <Filename Value="C:\lazarus\lcl\include\customform.inc"/>
        <EditorIndex Value="-1"/>
        <TopLine Value="2272"/>
        <CursorPos Y="2295"/>
        <UsageCount Value="9"/>
      </Unit59>
      <Unit60>
        <Filename Value="C:\lazarus\fpc\2.4.2\source\rtl\inc\systemh.inc"/>
        <TopLine Value="806"/>
        <CursorPos X="11" Y="824"/>
        <UsageCount Value="2"/>
      </Unit60>
      <Unit61>
        <Filename Value="C:\lazarus\lcl\controls.pp"/>
        <UnitName Value="Controls"/>
        <EditorIndex Value="-1"/>
        <TopLine Value="1559"/>
        <CursorPos X="15" Y="1577"/>
        <UsageCount Value="12"/>
      </Unit61>
      <Unit62>
        <Filename Value="C:\lazarus\lcl\imglist.pp"/>
        <TopLine Value="129"/>
        <CursorPos X="22" Y="143"/>
        <UsageCount Value="7"/>
      </Unit62>
      <Unit63>
        <Filename Value="C:\lazarus\lcl\include\imglist.inc"/>
        <TopLine Value="307"/>
        <CursorPos X="3" Y="314"/>
        <UsageCount Value="7"/>
      </Unit63>
      <Unit64>
        <Filename Value="hash.pas"/>
        <UnitName Value="Hash"/>
        <EditorIndex Value="-1"/>
        <TopLine Value="281"/>
        <CursorPos X="20" Y="293"/>
        <UsageCount Value="8"/>
      </Unit64>
      <Unit65>
        <Filename Value="C:\lazarus\fpc\2.4.2\source\rtl\objpas\sysutils\filutilh.inc"/>
        <TopLine Value="68"/>
        <CursorPos X="10" Y="86"/>
        <UsageCount Value="34"/>
      </Unit65>
      <Unit66>
        <Filename Value="C:\lazarus\fpc\2.4.2\source\rtl\win\sysutils.pp"/>
        <CursorPos X="3" Y="393"/>
        <UsageCount Value="34"/>
      </Unit66>
      <Unit67>
        <Filename Value="C:\lazarus\fpc\2.4.2\source\rtl\win\wininc\ascdef.inc"/>
        <TopLine Value="85"/>
        <CursorPos X="10" Y="103"/>
        <UsageCount Value="1"/>
      </Unit67>
      <Unit68>
        <Filename Value="C:\lazarus\lcl\grids.pas"/>
        <UnitName Value="Grids"/>
        <EditorIndex Value="-1"/>
        <TopLine Value="1369"/>
        <CursorPos X="15" Y="1385"/>
        <UsageCount Value="10"/>
      </Unit68>
      <Unit69>
        <Filename Value="C:\lazarus\lcl\include\customlistview.inc"/>
        <EditorIndex Value="-1"/>
        <TopLine Value="1313"/>
        <CursorPos X="3" Y="1317"/>
        <UsageCount Value="8"/>
      </Unit69>
      <Unit70>
        <Filename Value="C:\lazarus\lcl\include\listitem.inc"/>
        <TopLine Value="524"/>
        <CursorPos Y="542"/>
        <UsageCount Value="2"/>
      </Unit70>
      <Unit71>
        <Filename Value="unit8.pas"/>
        <IsPartOfProject Value="True"/>
        <ComponentName Value="FormPM"/>
        <HasResources Value="True"/>
        <ResourceBaseClass Value="Form"/>
        <UnitName Value="Unit8"/>
        <EditorIndex Value="9"/>
        <TopLine Value="22"/>
        <CursorPos X="39" Y="36"/>
        <UsageCount Value="200"/>
        <Loaded Value="True"/>
        <LoadedDesigner Value="True"/>
      </Unit71>
      <Unit72>
        <Filename Value="aes_ctr.pas"/>
        <TopLine Value="85"/>
        <CursorPos X="32" Y="103"/>
        <UsageCount Value="2"/>
      </Unit72>
      <Unit73>
        <Filename Value="fca.pas"/>
        <TopLine Value="145"/>
        <CursorPos X="18" Y="169"/>
        <UsageCount Value="1"/>
      </Unit73>
      <Unit74>
        <Filename Value="fcrypta.pas"/>
        <TopLine Value="109"/>
        <CursorPos X="10" Y="127"/>
        <UsageCount Value="1"/>
      </Unit74>
      <Unit75>
        <Filename Value="C:\lazarus\lcl\dialogs.pp"/>
        <UnitName Value="Dialogs"/>
        <EditorIndex Value="-1"/>
        <TopLine Value="492"/>
        <CursorPos Y="509"/>
        <UsageCount Value="8"/>
      </Unit75>
      <Unit76>
        <Filename Value="C:\lazarus\fpc\2.4.2\source\rtl\win\wininc\func.inc"/>
        <TopLine Value="459"/>
        <CursorPos X="10" Y="477"/>
        <UsageCount Value="2"/>
      </Unit76>
      <Unit77>
        <Filename Value="C:\lazarus\fpc\2.4.2\source\rtl\win\wininc\redef.inc"/>
        <CursorPos X="103" Y="653"/>
        <UsageCount Value="2"/>
      </Unit77>
      <Unit78>
        <Filename Value="C:\lazarus\lcl\include\menuitem.inc"/>
        <EditorIndex Value="-1"/>
        <TopLine Value="1049"/>
        <CursorPos Y="1062"/>
        <UsageCount Value="8"/>
      </Unit78>
      <Unit79>
        <Filename Value="C:\lazarus\lcl\graphics.pp"/>
        <UnitName Value="Graphics"/>
        <EditorIndex Value="-1"/>
        <TopLine Value="1714"/>
        <CursorPos X="3" Y="1724"/>
        <UsageCount Value="9"/>
      </Unit79>
      <Unit80>
        <Filename Value="C:\lazarus\lcl\include\picture.inc"/>
        <TopLine Value="539"/>
        <CursorPos X="3" Y="544"/>
        <UsageCount Value="5"/>
      </Unit80>
      <Unit81>
        <Filename Value="unit9.pas"/>
        <IsPartOfProject Value="True"/>
        <ComponentName Value="FormImgRes"/>
        <HasResources Value="True"/>
        <ResourceBaseClass Value="Form"/>
        <UnitName Value="Unit9"/>
        <EditorIndex Value="10"/>
        <CursorPos X="55" Y="3"/>
        <UsageCount Value="200"/>
        <Loaded Value="True"/>
        <LoadedDesigner Value="True"/>
      </Unit81>
      <Unit82>
        <Filename Value="unit10.pas"/>
        <IsPartOfProject Value="True"/>
        <ComponentName Value="FormCrop"/>
        <HasResources Value="True"/>
        <ResourceBaseClass Value="Form"/>
        <UnitName Value="Unit10"/>
        <EditorIndex Value="11"/>
        <TopLine Value="35"/>
        <CursorPos X="20" Y="36"/>
        <UsageCount Value="201"/>
        <Loaded Value="True"/>
        <LoadedDesigner Value="True"/>
      </Unit82>
      <Unit83>
        <Filename Value="C:\lazarus\fpc\2.6.0\source\rtl\win\wininc\func.inc"/>
        <TopLine Value="143"/>
        <CursorPos X="20" Y="159"/>
        <UsageCount Value="10"/>
      </Unit83>
      <Unit84>
        <Filename Value="unit11.pas"/>
        <IsPartOfProject Value="True"/>
        <ComponentName Value="FormDrop"/>
        <HasResources Value="True"/>
        <ResourceBaseClass Value="Form"/>
        <UnitName Value="Unit11"/>
        <EditorIndex Value="12"/>
        <CursorPos X="59" Y="4"/>
        <UsageCount Value="200"/>
        <Loaded Value="True"/>
        <LoadedDesigner Value="True"/>
      </Unit84>
      <Unit85>
        <Filename Value="tsc.pas"/>
        <UnitName Value="TSC"/>
        <EditorIndex Value="-1"/>
        <TopLine Value="22"/>
        <CursorPos X="44" Y="49"/>
        <UsageCount Value="10"/>
      </Unit85>
      <Unit86>
        <Filename Value="aes_eax.pas"/>
        <TopLine Value="330"/>
        <UsageCount Value="10"/>
      </Unit86>
      <Unit87>
        <Filename Value="C:\lazarus\fpc\2.6.2\source\rtl\inc\systemh.inc"/>
        <TopLine Value="929"/>
        <CursorPos X="11" Y="947"/>
        <UsageCount Value="6"/>
      </Unit87>
      <Unit88>
        <Filename Value="C:\lazarus\fpc\2.6.2\source\rtl\win\wininc\func.inc"/>
        <TopLine Value="520"/>
        <CursorPos X="10" Y="538"/>
        <UsageCount Value="10"/>
      </Unit88>
      <Unit89>
        <Filename Value="C:\lazarus\fpc\2.6.2\source\rtl\objpas\sysutils\datih.inc"/>
        <TopLine Value="122"/>
        <CursorPos X="10" Y="137"/>
        <UsageCount Value="5"/>
      </Unit89>
      <Unit90>
        <Filename Value="C:\lazarus\fpc\2.6.2\source\rtl\objpas\sysutils\sysinth.inc"/>
        <TopLine Value="45"/>
        <CursorPos X="3" Y="33"/>
        <UsageCount Value="6"/>
      </Unit90>
      <Unit91>
        <Filename Value="C:\lazarus\fpc\2.6.2\source\rtl\objpas\sysutils\diskh.inc"/>
        <CursorPos X="11" Y="16"/>
        <UsageCount Value="6"/>
      </Unit91>
      <Unit92>
        <Filename Value="C:\lazarus\fpc\2.6.2\source\rtl\objpas\sysutils\finah.inc"/>
        <TopLine Value="3"/>
        <CursorPos X="10" Y="21"/>
        <UsageCount Value="6"/>
      </Unit92>
      <Unit93>
        <Filename Value="C:\lazarus\fpc\2.6.2\source\packages\winunits-base\src\comobj.pp"/>
        <TopLine Value="266"/>
        <CursorPos X="14" Y="281"/>
        <UsageCount Value="6"/>
      </Unit93>
      <Unit94>
        <Filename Value="C:\lazarus\fpc\2.6.2\source\rtl\win\wininc\redef.inc"/>
        <TopLine Value="286"/>
        <CursorPos X="10" Y="298"/>
        <UsageCount Value="6"/>
      </Unit94>
      <Unit95>
        <Filename Value="C:\lazarus\lcl\interfaces\win32\win32int.pp"/>
        <CursorPos X="26" Y="21"/>
        <UsageCount Value="6"/>
      </Unit95>
      <Unit96>
        <Filename Value="C:\lazarus\lcl\buttonpanel.pas"/>
        <CursorPos X="41"/>
        <UsageCount Value="10"/>
      </Unit96>
      <Unit97>
        <Filename Value="C:\lazarus\lcl\include\customcontrol.inc"/>
        <TopLine Value="104"/>
        <CursorPos Y="122"/>
        <UsageCount Value="10"/>
      </Unit97>
      <Unit98>
        <Filename Value="C:\lazarus\fpc\2.6.2\source\rtl\objpas\sysutils\sysstrh.inc"/>
        <TopLine Value="12"/>
        <CursorPos X="4" Y="27"/>
        <UsageCount Value="3"/>
      </Unit98>
      <Unit99>
        <Filename Value="C:\lazarus\fpc\2.6.2\source\rtl\objpas\sysutils\filutilh.inc"/>
        <TopLine Value="84"/>
        <CursorPos X="10" Y="105"/>
        <UsageCount Value="3"/>
      </Unit99>
      <Unit100>
        <Filename Value="C:\lazarus\fpc\2.6.2\source\rtl\objpas\dateutils.pp"/>
        <UsageCount Value="5"/>
      </Unit100>
      <Unit101>
        <Filename Value="C:\lazarus\fpc\2.6.2\source\rtl\objpas\dateutil.inc"/>
        <TopLine Value="156"/>
        <CursorPos X="10" Y="177"/>
        <UsageCount Value="5"/>
      </Unit101>
      <Unit102>
        <Filename Value="unit12.pas"/>
        <IsPartOfProject Value="True"/>
        <ComponentName Value="FormPaths"/>
        <HasResources Value="True"/>
        <ResourceBaseClass Value="Form"/>
        <UnitName Value="Unit12"/>
        <EditorIndex Value="13"/>
        <CursorPos X="41" Y="10"/>
        <UsageCount Value="200"/>
        <Loaded Value="True"/>
        <LoadedDesigner Value="True"/>
      </Unit102>
      <Unit103>
        <Filename Value="unit13.pas"/>
        <IsPartOfProject Value="True"/>
        <ComponentName Value="FormSelect"/>
        <HasResources Value="True"/>
        <ResourceBaseClass Value="Form"/>
        <UnitName Value="Unit13"/>
        <EditorIndex Value="14"/>
        <TopLine Value="6"/>
        <CursorPos X="45" Y="11"/>
        <UsageCount Value="200"/>
        <Loaded Value="True"/>
        <LoadedDesigner Value="True"/>
      </Unit103>
      <Unit104>
        <Filename Value="C:\lazarus\lcl\menus.pp"/>
        <TopLine Value="380"/>
        <CursorPos X="24" Y="390"/>
        <UsageCount Value="6"/>
      </Unit104>
      <Unit105>
        <Filename Value="C:\lazarus\fpc\2.6.4\source\rtl\inc\systemh.inc"/>
        <EditorIndex Value="-1"/>
        <TopLine Value="995"/>
        <CursorPos X="15" Y="1019"/>
        <UsageCount Value="8"/>
      </Unit105>
      <Unit106>
        <Filename Value="C:\lazarus\fpc\2.6.4\source\rtl\win\wininc\redef.inc"/>
        <EditorIndex Value="-1"/>
        <TopLine Value="964"/>
        <CursorPos X="87" Y="981"/>
        <UsageCount Value="8"/>
      </Unit106>
      <Unit107>
        <Filename Value="C:\lazarus\fpc\2.6.4\source\rtl\inc\ustringh.inc"/>
        <EditorIndex Value="-1"/>
        <TopLine Value="89"/>
        <CursorPos X="15" Y="112"/>
        <UsageCount Value="6"/>
      </Unit107>
      <Unit108>
        <Filename Value="C:\lazarus\fpc\2.6.4\source\rtl\objpas\sysutils\filutilh.inc"/>
        <EditorIndex Value="-1"/>
        <TopLine Value="78"/>
        <CursorPos X="10" Y="95"/>
        <UsageCount Value="6"/>
      </Unit108>
      <Unit109>
        <Filename Value="C:\lazarus\fpc\2.6.4\source\rtl\objpas\sysutils\sysutilh.inc"/>
        <EditorIndex Value="-1"/>
        <TopLine Value="21"/>
        <CursorPos X="4" Y="38"/>
        <UsageCount Value="6"/>
      </Unit109>
      <Unit110>
        <Filename Value="C:\lazarus\components\lazutils\fileutil.pas"/>
        <UnitName Value="FileUtil"/>
        <EditorIndex Value="-1"/>
        <TopLine Value="10"/>
        <CursorPos X="40" Y="23"/>
        <UsageCount Value="10"/>
      </Unit110>
      <Unit111>
        <Filename Value="C:\lazarus\components\lazutils\utf8process.pp"/>
        <UnitName Value="UTF8Process"/>
        <EditorIndex Value="-1"/>
        <TopLine Value="81"/>
        <CursorPos X="17" Y="96"/>
        <UsageCount Value="8"/>
      </Unit111>
      <Unit112>
        <Filename Value="C:\lazarus\fpc\2.6.4\source\packages\fcl-process\src\process.pp"/>
        <EditorIndex Value="-1"/>
        <TopLine Value="99"/>
        <CursorPos X="19" Y="115"/>
        <UsageCount Value="7"/>
      </Unit112>
      <Unit113>
        <Filename Value="C:\lazarus\fpc\2.6.4\source\rtl\win\wininc\ascfun.inc"/>
        <EditorIndex Value="-1"/>
        <TopLine Value="31"/>
        <CursorPos X="10" Y="48"/>
        <UsageCount Value="7"/>
      </Unit113>
      <Unit114>
        <Filename Value="C:\lazarus\fpc\2.6.4\source\rtl\win\wininc\ascdef.inc"/>
        <EditorIndex Value="-1"/>
        <TopLine Value="93"/>
        <CursorPos X="10" Y="117"/>
        <UsageCount Value="8"/>
      </Unit114>
      <Unit115>
        <Filename Value="C:\lazarus\fpc\2.6.4\source\rtl\objpas\sysutils\sysstrh.inc"/>
        <EditorIndex Value="-1"/>
        <TopLine Value="202"/>
        <CursorPos X="10" Y="218"/>
        <UsageCount Value="6"/>
      </Unit115>
      <Unit116>
        <Filename Value="C:\lazarus\fpc\2.6.4\source\rtl\inc\ustrings.inc"/>
        <EditorIndex Value="-1"/>
        <CursorPos X="10" Y="2335"/>
        <UsageCount Value="6"/>
      </Unit116>
      <Unit117>
        <Filename Value="C:\lazarus\fpc\2.6.4\source\packages\fcl-process\src\win\process.inc"/>
        <EditorIndex Value="-1"/>
        <TopLine Value="245"/>
        <CursorPos X="21" Y="266"/>
        <UsageCount Value="7"/>
      </Unit117>
      <Unit118>
        <Filename Value="C:\lazarus\fpc\2.6.4\source\rtl\win\sysutils.pp"/>
        <EditorIndex Value="-1"/>
        <TopLine Value="1111"/>
        <CursorPos X="15" Y="1114"/>
        <UsageCount Value="9"/>
      </Unit118>
      <Unit119>
        <Filename Value="C:\lazarus\fpc\2.6.4\source\rtl\win\wininc\func.inc"/>
        <EditorIndex Value="-1"/>
        <TopLine Value="122"/>
        <CursorPos X="14" Y="138"/>
        <UsageCount Value="8"/>
      </Unit119>
      <Unit120>
        <Filename Value="kdf.pas"/>
        <EditorIndex Value="-1"/>
        <TopLine Value="270"/>
        <CursorPos X="76" Y="294"/>
        <UsageCount Value="9"/>
      </Unit120>
      <Unit121>
        <Filename Value="C:\lazarus\components\lazutils\fileutil.inc"/>
        <EditorIndex Value="-1"/>
        <TopLine Value="127"/>
        <CursorPos X="10" Y="154"/>
        <UsageCount Value="10"/>
      </Unit121>
      <Unit122>
        <Filename Value="C:\lazarus\components\lazutils\lazfileutils.pas"/>
        <EditorIndex Value="-1"/>
        <TopLine Value="78"/>
        <CursorPos X="10" Y="101"/>
        <UsageCount Value="8"/>
      </Unit122>
      <Unit123>
        <Filename Value="C:\lazarus\components\lazutils\winlazfileutils.inc"/>
        <EditorIndex Value="-1"/>
        <TopLine Value="50"/>
        <CursorPos X="3" Y="52"/>
        <UsageCount Value="8"/>
      </Unit123>
      <Unit124>
        <Filename Value="C:\lazarus\fpc\2.6.4\source\rtl\win\wininc\unifun.inc"/>
        <EditorIndex Value="-1"/>
        <TopLine Value="167"/>
        <CursorPos X="20" Y="183"/>
        <UsageCount Value="8"/>
      </Unit124>
      <Unit125>
        <Filename Value="C:\lazarus\fpc\2.6.4\source\rtl\win\wininc\struct.inc"/>
        <EditorIndex Value="-1"/>
        <TopLine Value="6571"/>
        <CursorPos X="22" Y="6591"/>
        <UsageCount Value="7"/>
      </Unit125>
      <Unit126>
        <Filename Value="C:\lazarus\fpc\2.6.4\source\rtl\win\wininc\base.inc"/>
        <EditorIndex Value="-1"/>
        <TopLine Value="142"/>
        <CursorPos X="6" Y="159"/>
        <UsageCount Value="7"/>
      </Unit126>
      <Unit127>
        <Filename Value="C:\lazarus\fpc\2.6.4\source\rtl\objpas\sysutils\finah.inc"/>
        <EditorIndex Value="-1"/>
        <TopLine Value="10"/>
        <CursorPos X="20" Y="27"/>
        <UsageCount Value="7"/>
      </Unit127>
      <Unit128>
        <Filename Value="C:\lazarus\fpc\2.6.4\source\rtl\objpas\sysutils\fina.inc"/>
        <EditorIndex Value="-1"/>
        <TopLine Value="133"/>
        <CursorPos X="15" Y="140"/>
        <UsageCount Value="7"/>
      </Unit128>
      <Unit129>
        <Filename Value="C:\lazarus\fpc\2.6.4\source\rtl\inc\fexpand.inc"/>
        <EditorIndex Value="-1"/>
        <TopLine Value="262"/>
        <CursorPos X="10" Y="84"/>
        <UsageCount Value="7"/>
      </Unit129>
      <Unit130>
        <Filename Value="C:\lazarus\fpc\2.6.4\source\packages\winunits-base\src\shellapi.pp"/>
        <EditorIndex Value="-1"/>
        <TopLine Value="1460"/>
        <CursorPos X="10" Y="1476"/>
        <UsageCount Value="7"/>
      </Unit130>
      <Unit131>
        <Filename Value="C:\lazarus\lcl\buttons.pp"/>
        <EditorIndex Value="-1"/>
        <TopLine Value="409"/>
        <CursorPos X="10" Y="425"/>
        <UsageCount Value="9"/>
      </Unit131>
      <Unit132>
        <Filename Value="C:\lazarus\fpc\2.6.4\source\rtl\objpas\classes\classesh.inc"/>
        <EditorIndex Value="-1"/>
        <TopLine Value="25"/>
        <CursorPos X="11" Y="104"/>
        <UsageCount Value="9"/>
      </Unit132>
      <Unit133>
        <Filename Value="C:\lazarus\fpc\2.6.4\source\rtl\objpas\objpas.pp"/>
        <EditorIndex Value="-1"/>
        <TopLine Value="52"/>
        <CursorPos X="16" Y="75"/>
        <UsageCount Value="8"/>
      </Unit133>
      <Unit134>
        <Filename Value="C:\lazarus\fpc\2.6.4\source\rtl\objpas\sysutils\osutilsh.inc"/>
        <EditorIndex Value="-1"/>
        <TopLine Value="18"/>
        <CursorPos X="17" Y="42"/>
        <UsageCount Value="9"/>
      </Unit134>
      <Unit135>
        <Filename Value="C:\lazarus\fpc\2.6.4\source\rtl\objpas\sysutils\osutil.inc"/>
        <EditorIndex Value="-1"/>
        <TopLine Value="179"/>
        <CursorPos X="19" Y="184"/>
        <UsageCount Value="8"/>
      </Unit135>
      <Unit136>
        <Filename Value="C:\lazarus\fpc\2.6.4\source\rtl\objpas\sysutils\datih.inc"/>
        <EditorIndex Value="-1"/>
        <TopLine Value="117"/>
        <CursorPos X="18" Y="141"/>
        <UsageCount Value="8"/>
      </Unit136>
      <Unit137>
        <Filename Value="C:\lazarus\fpc\2.6.4\source\rtl\objpas\sysutils\dati.inc"/>
        <EditorIndex Value="-1"/>
        <TopLine Value="791"/>
        <CursorPos X="58" Y="817"/>
        <UsageCount Value="8"/>
      </Unit137>
      <Unit138>
        <Filename Value="C:\lazarus\fpc\2.6.4\source\rtl\objpas\sysutils\sysinth.inc"/>
        <EditorIndex Value="-1"/>
        <TopLine Value="33"/>
        <CursorPos X="3" Y="57"/>
        <UsageCount Value="8"/>
      </Unit138>
      <Unit139>
        <Filename Value="C:\lazarus\fpc\2.6.4\source\rtl\win\syswin.inc"/>
        <EditorIndex Value="-1"/>
        <TopLine Value="488"/>
        <CursorPos X="3" Y="512"/>
        <UsageCount Value="8"/>
      </Unit139>
      <Unit140>
        <Filename Value="unit14.pas"/>
        <IsPartOfProject Value="True"/>
        <ComponentName Value="FormComment"/>
        <HasResources Value="True"/>
        <ResourceBaseClass Value="Form"/>
        <UnitName Value="Unit14"/>
        <EditorIndex Value="2"/>
        <TopLine Value="38"/>
        <CursorPos Y="46"/>
        <UsageCount Value="200"/>
        <Loaded Value="True"/>
        <LoadedDesigner Value="True"/>
      </Unit140>
      <Unit141>
        <Filename Value="C:\lazarus\fpc\2.6.4\source\rtl\win\windirs.pp"/>
        <EditorIndex Value="-1"/>
        <TopLine Value="11"/>
        <CursorPos X="3" Y="28"/>
        <UsageCount Value="10"/>
      </Unit141>
      <Unit142>
        <Filename Value="C:\lazarus\fpc\3.0.0\source\rtl\inc\systemh.inc"/>
        <EditorIndex Value="-1"/>
        <TopLine Value="1257"/>
        <CursorPos X="11" Y="1275"/>
        <UsageCount Value="8"/>
      </Unit142>
      <Unit143>
        <Filename Value="C:\lazarus\fpc\3.0.0\source\rtl\objpas\sysutils\diskh.inc"/>
        <EditorIndex Value="-1"/>
        <TopLine Value="5"/>
        <CursorPos X="10" Y="20"/>
        <UsageCount Value="8"/>
      </Unit143>
      <Unit144>
        <Filename Value="C:\lazarus\fpc\3.0.0\source\rtl\objpas\sysutils\finah.inc"/>
        <EditorIndex Value="-1"/>
        <TopLine Value="2"/>
        <CursorPos X="13" Y="25"/>
        <UsageCount Value="9"/>
      </Unit144>
      <Unit145>
        <Filename Value="C:\lazarus\fpc\3.0.0\source\rtl\objpas\sysutils\fina.inc"/>
        <EditorIndex Value="-1"/>
        <TopLine Value="100"/>
        <CursorPos X="29" Y="102"/>
        <ExtraEditorCount Value="1"/>
        <ExtraEditor1>
          <EditorIndex Value="-1"/>
          <TopLine Value="100"/>
          <CursorPos Y="100"/>
        </ExtraEditor1>
        <UsageCount Value="9"/>
      </Unit145>
      <Unit146>
        <Filename Value="C:\lazarus\fpc\3.0.0\source\packages\winunits-base\src\shellapi.pp"/>
        <UnitName Value="ShellApi"/>
        <EditorIndex Value="-1"/>
        <TopLine Value="1760"/>
        <CursorPos X="27" Y="1781"/>
        <UsageCount Value="8"/>
      </Unit146>
      <Unit147>
        <Filename Value="tf_base.pas"/>
        <UnitName Value="TF_Base"/>
        <EditorIndex Value="-1"/>
        <TopLine Value="1067"/>
        <CursorPos X="36" Y="1079"/>
        <UsageCount Value="8"/>
      </Unit147>
      <Unit148>
        <Filename Value="C:\lazarus\fpc\3.0.0\source\packages\fcl-process\src\process.pp"/>
        <EditorIndex Value="-1"/>
        <TopLine Value="104"/>
        <CursorPos X="15" Y="116"/>
        <UsageCount Value="8"/>
      </Unit148>
      <Unit149>
        <Filename Value="C:\lazarus\fpc\3.0.0\source\packages\fcl-process\src\win\process.inc"/>
        <EditorIndex Value="-1"/>
        <TopLine Value="252"/>
        <CursorPos X="17" Y="266"/>
        <UsageCount Value="8"/>
      </Unit149>
      <Unit150>
        <Filename Value="C:\lazarus\fpc\3.0.0\source\rtl\win\wininc\redef.inc"/>
        <EditorIndex Value="-1"/>
        <TopLine Value="613"/>
        <CursorPos X="10" Y="632"/>
        <UsageCount Value="8"/>
      </Unit150>
      <Unit151>
        <Filename Value="C:\lazarus\fpc\3.0.0\source\rtl\win\wininc\ascdef.inc"/>
        <EditorIndex Value="-1"/>
        <TopLine Value="84"/>
        <CursorPos X="22" Y="103"/>
        <UsageCount Value="13"/>
      </Unit151>
      <Unit152>
        <Filename Value="C:\lazarus\lcl\include\customcheckbox.inc"/>
        <EditorIndex Value="-1"/>
        <TopLine Value="15"/>
        <CursorPos Y="28"/>
        <UsageCount Value="8"/>
      </Unit152>
      <Unit153>
        <Filename Value="C:\lazarus\fpc\3.0.0\source\rtl\objpas\sysutils\sysstrh.inc"/>
        <EditorIndex Value="-1"/>
        <TopLine Value="202"/>
        <CursorPos X="10" Y="218"/>
        <UsageCount Value="8"/>
      </Unit153>
      <Unit154>
        <Filename Value="C:\lazarus\fpc\3.0.0\source\rtl\objpas\sysutils\sysstr.inc"/>
        <EditorIndex Value="-1"/>
        <TopLine Value="2642"/>
        <CursorPos X="3" Y="2645"/>
        <UsageCount Value="8"/>
      </Unit154>
      <Unit155>
        <Filename Value="C:\lazarus\fpc\3.0.0\source\rtl\win32\system.pp"/>
        <UnitName Value="System"/>
        <EditorIndex Value="-1"/>
        <TopLine Value="21"/>
        <CursorPos X="43" Y="133"/>
        <UsageCount Value="8"/>
      </Unit155>
      <Unit156>
        <Filename Value="C:\lazarus\components\lazutils\masks.pas"/>
        <UnitName Value="Masks"/>
        <EditorIndex Value="-1"/>
        <TopLine Value="139"/>
        <CursorPos X="3" Y="143"/>
        <UsageCount Value="8"/>
      </Unit156>
      <Unit157>
        <Filename Value="C:\lazarus\lcl\extctrls.pp"/>
        <UnitName Value="ExtCtrls"/>
        <EditorIndex Value="-1"/>
        <TopLine Value="1010"/>
        <CursorPos X="55" Y="1026"/>
        <UsageCount Value="8"/>
      </Unit157>
      <Unit158>
        <Filename Value="unit7.lrs"/>
        <EditorIndex Value="-1"/>
        <UsageCount Value="8"/>
      </Unit158>
      <Unit159>
        <Filename Value="C:\lazarus\fpc\3.0.0\source\rtl\objpas\sysutils\filutilh.inc"/>
        <EditorIndex Value="-1"/>
        <TopLine Value="134"/>
        <CursorPos X="10" Y="150"/>
        <UsageCount Value="11"/>
      </Unit159>
      <Unit160>
        <Filename Value="C:\lazarus\lcl\stdctrls.pp"/>
        <UnitName Value="StdCtrls"/>
        <EditorIndex Value="-1"/>
        <TopLine Value="776"/>
        <CursorPos X="17" Y="797"/>
        <UsageCount Value="8"/>
      </Unit160>
      <Unit161>
        <Filename Value="C:\lazarus\lcl\include\customedit.inc"/>
        <EditorIndex Value="-1"/>
        <TopLine Value="207"/>
        <CursorPos X="3" Y="216"/>
        <UsageCount Value="8"/>
      </Unit161>
      <Unit162>
        <Filename Value="C:\lazarus\fpc\3.0.4\source\rtl\objpas\sysutils\sysstrh.inc"/>
        <EditorIndex Value="-1"/>
        <TopLine Value="52"/>
        <CursorPos X="10" Y="72"/>
        <UsageCount Value="9"/>
      </Unit162>
      <Unit163>
        <Filename Value="unit_gwrap.lfm"/>
        <EditorIndex Value="-1"/>
        <UsageCount Value="9"/>
        <DefaultSyntaxHighlighter Value="LFM"/>
      </Unit163>
      <Unit164>
        <Filename Value="unit_gwrap.pas"/>
        <IsPartOfProject Value="True"/>
        <ComponentName Value="Form_gwrap"/>
        <HasResources Value="True"/>
        <ResourceBaseClass Value="Form"/>
        <UnitName Value="Unit_gwrap"/>
        <EditorIndex Value="1"/>
        <TopLine Value="2234"/>
        <CursorPos X="12" Y="2256"/>
        <UsageCount Value="200"/>
        <Loaded Value="True"/>
        <LoadedDesigner Value="True"/>
      </Unit164>
      <Unit165>
        <Filename Value="C:\lazarus\fpc\3.0.4\source\rtl\objpas\sysutils\filutilh.inc"/>
        <EditorIndex Value="-1"/>
        <TopLine Value="69"/>
        <CursorPos X="3" Y="86"/>
        <UsageCount Value="11"/>
      </Unit165>
      <Unit166>
        <Filename Value="C:\lazarus\fpc\3.0.4\source\rtl\objpas\sysutils\filutil.inc"/>
        <EditorIndex Value="-1"/>
        <TopLine Value="276"/>
        <CursorPos X="3" Y="278"/>
        <UsageCount Value="10"/>
      </Unit166>
      <Unit167>
        <Filename Value="C:\lazarus\fpc\3.0.4\source\rtl\objpas\sysutils\diskh.inc"/>
        <EditorIndex Value="-1"/>
        <CursorPos X="18" Y="22"/>
        <UsageCount Value="10"/>
      </Unit167>
      <Unit168>
        <Filename Value="C:\lazarus\fpc\3.0.4\source\rtl\objpas\sysutils\disk.inc"/>
        <EditorIndex Value="-1"/>
        <TopLine Value="57"/>
        <CursorPos X="3" Y="62"/>
        <UsageCount Value="10"/>
      </Unit168>
      <Unit169>
        <Filename Value="C:\lazarus\fpc\3.0.4\source\packages\winunits-base\src\shellapi.pp"/>
        <UnitName Value="ShellApi"/>
        <EditorIndex Value="-1"/>
        <TopLine Value="1211"/>
        <CursorPos X="26" Y="1226"/>
        <UsageCount Value="11"/>
      </Unit169>
      <Unit170>
        <Filename Value="C:\lazarus\fpc\3.0.4\source\rtl\objpas\sysutils\finah.inc"/>
        <EditorIndex Value="-1"/>
        <TopLine Value="11"/>
        <CursorPos X="21" Y="26"/>
        <UsageCount Value="10"/>
      </Unit170>
      <Unit171>
        <Filename Value="C:\lazarus\fpc\3.0.4\source\rtl\objpas\sysutils\fina.inc"/>
        <EditorIndex Value="-1"/>
        <TopLine Value="112"/>
        <CursorPos X="51" Y="124"/>
        <UsageCount Value="10"/>
      </Unit171>
      <Unit172>
        <Filename Value="C:\lazarus\fpc\3.0.4\source\rtl\objpas\sysutils\sysinth.inc"/>
        <EditorIndex Value="-1"/>
        <TopLine Value="25"/>
        <CursorPos X="5" Y="39"/>
        <UsageCount Value="9"/>
      </Unit172>
      <Unit173>
        <Filename Value="C:\lazarus\fpc\3.0.4\source\rtl\objpas\sysutils\sysutilh.inc"/>
        <EditorIndex Value="-1"/>
        <TopLine Value="248"/>
        <CursorPos X="3" Y="270"/>
        <UsageCount Value="10"/>
      </Unit173>
      <Unit174>
        <Filename Value="C:\lazarus\fpc\3.0.4\source\rtl\win\sysutils.pp"/>
        <EditorIndex Value="-1"/>
        <TopLine Value="294"/>
        <CursorPos X="3" Y="296"/>
        <UsageCount Value="9"/>
      </Unit174>
      <Unit175>
        <Filename Value="C:\lazarus\fpc\3.0.4\source\rtl\win\sysosh.inc"/>
        <EditorIndex Value="-1"/>
        <TopLine Value="8"/>
        <CursorPos X="3" Y="22"/>
        <UsageCount Value="9"/>
      </Unit175>
      <Unit176>
        <Filename Value="C:\lazarus\fpc\3.0.4\source\rtl\objpas\objpas.pp"/>
        <EditorIndex Value="-1"/>
        <TopLine Value="100"/>
        <CursorPos X="20" Y="114"/>
        <UsageCount Value="9"/>
      </Unit176>
      <Unit177>
        <Filename Value="C:\lazarus\fpc\3.0.4\source\rtl\inc\systemh.inc"/>
        <EditorIndex Value="-1"/>
        <TopLine Value="1389"/>
        <CursorPos X="11" Y="1408"/>
        <UsageCount Value="10"/>
      </Unit177>
      <Unit178>
        <Filename Value="C:\lazarus\fpc\3.0.4\source\rtl\inc\text.inc"/>
        <EditorIndex Value="-1"/>
        <TopLine Value="227"/>
        <CursorPos X="3" Y="229"/>
        <UsageCount Value="9"/>
      </Unit178>
      <Unit179>
        <Filename Value="C:\lazarus\fpc\3.0.4\source\rtl\inc\wstringh.inc"/>
        <EditorIndex Value="-1"/>
        <TopLine Value="9"/>
        <CursorPos X="11" Y="24"/>
        <UsageCount Value="9"/>
      </Unit179>
      <Unit180>
        <Filename Value="C:\lazarus\fpc\3.0.4\source\rtl\inc\wstrings.inc"/>
        <EditorIndex Value="-1"/>
        <TopLine Value="646"/>
        <CursorPos X="5" Y="648"/>
        <UsageCount Value="9"/>
      </Unit180>
      <Unit181>
        <Filename Value="C:\lazarus\fpc\3.0.4\source\rtl\win\wininc\redef.inc"/>
        <EditorIndex Value="-1"/>
        <TopLine Value="275"/>
        <CursorPos X="10" Y="295"/>
        <UsageCount Value="10"/>
      </Unit181>
      <Unit182>
        <Filename Value="C:\lazarus\fpc\3.0.4\source\rtl\win64\system.pp"/>
        <UnitName Value="System"/>
        <EditorIndex Value="-1"/>
        <CursorPos Y="16"/>
        <UsageCount Value="9"/>
      </Unit182>
      <Unit183>
        <Filename Value="C:\lazarus\fpc\3.0.4\source\rtl\objpas\sysutils\datih.inc"/>
        <EditorIndex Value="-1"/>
        <TopLine Value="88"/>
        <CursorPos X="10" Y="112"/>
        <UsageCount Value="10"/>
      </Unit183>
      <Unit184>
        <Filename Value="blake2b.pas"/>
        <EditorIndex Value="-1"/>
        <TopLine Value="67"/>
        <CursorPos X="11" Y="86"/>
        <UsageCount Value="10"/>
      </Unit184>
      <Unit185>
        <Filename Value="C:\lazarus\fpc\3.0.4\source\rtl\objpas\sysutils\osutilsh.inc"/>
        <EditorIndex Value="-1"/>
        <TopLine Value="7"/>
        <CursorPos X="10" Y="26"/>
        <UsageCount Value="10"/>
      </Unit185>
      <Unit186>
        <Filename Value="C:\lazarus\fpc\3.0.4\source\rtl\objpas\sysutils\osutil.inc"/>
        <EditorIndex Value="-1"/>
        <TopLine Value="213"/>
        <CursorPos X="3" Y="216"/>
        <UsageCount Value="10"/>
      </Unit186>
      <Unit187>
        <Filename Value="aes_gcm.pas"/>
        <UnitName Value="AES_GCM"/>
        <EditorIndex Value="-1"/>
        <TopLine Value="221"/>
        <CursorPos X="16" Y="240"/>
        <UsageCount Value="10"/>
      </Unit187>
      <Unit188>
        <Filename Value="bcrc64.pas"/>
        <UnitName Value="bCRC64"/>
        <EditorIndex Value="-1"/>
        <TopLine Value="29"/>
        <CursorPos X="43" Y="43"/>
        <UsageCount Value="10"/>
      </Unit188>
      <Unit189>
        <Filename Value="rmd160.pas"/>
        <UnitName Value="RMD160"/>
        <EditorIndex Value="-1"/>
        <TopLine Value="7"/>
        <CursorPos X="44" Y="49"/>
        <UsageCount Value="10"/>
      </Unit189>
      <Unit190>
        <Filename Value="C:\lazarus\fpc\3.0.4\source\rtl\win\wininc\struct.inc"/>
        <EditorIndex Value="-1"/>
        <TopLine Value="6993"/>
        <CursorPos X="6" Y="7013"/>
        <UsageCount Value="10"/>
      </Unit190>
      <Unit191>
        <Filename Value="C:\lazarus\fpc\3.0.4\source\rtl\objpas\classes\classesh.inc"/>
        <EditorIndex Value="-1"/>
        <TopLine Value="955"/>
        <CursorPos X="17" Y="961"/>
        <UsageCount Value="10"/>
      </Unit191>
      <Unit192>
        <Filename Value="C:\lazarus\fpc\3.0.4\source\packages\fcl-process\src\pipes.pp"/>
        <UnitName Value="Pipes"/>
        <EditorIndex Value="-1"/>
        <TopLine Value="25"/>
        <CursorPos X="28" Y="42"/>
        <UsageCount Value="10"/>
      </Unit192>
      <Unit193>
        <Filename Value="C:\lazarus\fpc\3.2.2\source\rtl\objpas\classes\classesh.inc"/>
        <EditorIndex Value="-1"/>
        <TopLine Value="32"/>
        <CursorPos X="3" Y="50"/>
        <UsageCount Value="10"/>
      </Unit193>
      <Unit194>
        <Filename Value="C:\lazarus\fpc\3.2.2\source\rtl\inc\systemh.inc"/>
        <EditorIndex Value="-1"/>
        <TopLine Value="671"/>
        <CursorPos X="3" Y="689"/>
        <UsageCount Value="10"/>
      </Unit194>
      <Unit195>
        <Filename Value="C:\lazarus\fpc\3.2.2\source\rtl\objpas\sysutils\finah.inc"/>
        <EditorIndex Value="-1"/>
        <TopLine Value="5"/>
        <CursorPos X="10" Y="23"/>
        <UsageCount Value="10"/>
      </Unit195>
      <Unit196>
        <Filename Value="C:\lazarus\fpc\3.2.2\source\packages\fcl-process\src\process.pp"/>
        <EditorIndex Value="-1"/>
        <TopLine Value="4"/>
        <CursorPos X="36" Y="25"/>
        <UsageCount Value="10"/>
      </Unit196>
      <Unit197>
        <Filename Value="C:\lazarus\fpc\3.2.2\source\packages\fcl-process\src\processbody.inc"/>
        <EditorIndex Value="-1"/>
        <TopLine Value="27"/>
        <CursorPos X="5" Y="48"/>
        <UsageCount Value="10"/>
      </Unit197>
      <Unit198>
        <Filename Value="C:\lazarus\fpc\3.2.2\source\packages\fcl-base\src\custapp.pp"/>
        <UnitName Value="CustApp"/>
        <EditorIndex Value="-1"/>
        <TopLine Value="124"/>
        <CursorPos X="3" Y="171"/>
        <UsageCount Value="10"/>
      </Unit198>
      <Unit199>
        <Filename Value="C:\lazarus\fpc\3.2.2\source\rtl\objpas\sysutils\sysstrh.inc"/>
        <EditorIndex Value="-1"/>
        <TopLine Value="53"/>
        <CursorPos X="10" Y="74"/>
        <UsageCount Value="12"/>
      </Unit199>
    </Units>
    <JumpHistory Count="29" HistoryIndex="28">
      <Position1>
        <Filename Value="peach.pas"/>
        <Caret Line="39545" Column="85" TopLine="39524"/>
      </Position1>
      <Position2>
        <Filename Value="peach.pas"/>
        <Caret Line="39546" Column="91" TopLine="39524"/>
      </Position2>
      <Position3>
        <Filename Value="peach.pas"/>
        <Caret Line="39547" Column="90" TopLine="39524"/>
      </Position3>
      <Position4>
        <Filename Value="peach.pas"/>
        <Caret Line="39548" Column="89" TopLine="39524"/>
      </Position4>
      <Position5>
        <Filename Value="peach.pas"/>
        <Caret Line="39549" Column="88" TopLine="39524"/>
      </Position5>
      <Position6>
        <Filename Value="peach.pas"/>
        <Caret Line="39550" Column="93" TopLine="39524"/>
      </Position6>
      <Position7>
        <Filename Value="peach.pas"/>
        <Caret Line="62487" Column="7" TopLine="62475"/>
      </Position7>
      <Position8>
        <Filename Value="peach.pas"/>
        <Caret Line="14982" Column="5" TopLine="14969"/>
      </Position8>
      <Position9>
        <Filename Value="peach.pas"/>
        <Caret Line="15002" Column="27" TopLine="14968"/>
      </Position9>
      <Position10>
        <Filename Value="peach.pas"/>
        <Caret Line="15004" Column="18" TopLine="14969"/>
      </Position10>
      <Position11>
        <Filename Value="peach.pas"/>
        <Caret Line="22326" Column="18" TopLine="22306"/>
      </Position11>
      <Position12>
        <Filename Value="peach.pas"/>
        <Caret Line="62504" Column="18" TopLine="62485"/>
      </Position12>
      <Position13>
        <Filename Value="peach.pas"/>
        <Caret Line="22326" TopLine="22305"/>
      </Position13>
      <Position14>
        <Filename Value="peach.pas"/>
        <Caret Line="62515" Column="11" TopLine="62494"/>
      </Position14>
      <Position15>
        <Filename Value="list_utils.pas"/>
        <Caret Line="399" Column="16" TopLine="381"/>
      </Position15>
      <Position16>
        <Filename Value="list_utils.pas"/>
        <Caret Line="1955" Column="3" TopLine="1889"/>
      </Position16>
      <Position17>
        <Filename Value="peach.pas"/>
        <Caret Line="62515" Column="11" TopLine="62494"/>
      </Position17>
      <Position18>
        <Filename Value="unit_gwrap.pas"/>
        <Caret Line="1557" Column="27" TopLine="1550"/>
      </Position18>
      <Position19>
        <Filename Value="unit_gwrap.pas"/>
        <Caret Line="2290" Column="19" TopLine="2273"/>
      </Position19>
      <Position20>
        <Filename Value="unit_gwrap.pas"/>
        <Caret Line="2292" Column="12" TopLine="2273"/>
      </Position20>
      <Position21>
        <Filename Value="unit_gwrap.pas"/>
        <Caret Line="2316" Column="9" TopLine="2296"/>
      </Position21>
      <Position22>
        <Filename Value="unit_gwrap.pas"/>
        <Caret Line="113" Column="46" TopLine="92"/>
      </Position22>
      <Position23>
        <Filename Value="unit_gwrap.pas"/>
        <Caret Line="339" Column="19" TopLine="319"/>
      </Position23>
      <Position24>
        <Filename Value="unit_gwrap.pas"/>
        <Caret Line="348" Column="16" TopLine="331"/>
      </Position24>
      <Position25>
        <Filename Value="unit_gwrap.pas"/>
        <Caret Line="350" Column="16" TopLine="331"/>
      </Position25>
      <Position26>
        <Filename Value="unit_gwrap.pas"/>
        <Caret Line="958" Column="35" TopLine="947"/>
      </Position26>
      <Position27>
        <Filename Value="unit_gwrap.pas"/>
        <Caret Line="2267" Column="5" TopLine="2248"/>
      </Position27>
      <Position28>
        <Filename Value="unit_gwrap.pas"/>
        <Caret Line="949" TopLine="928"/>
      </Position28>
      <Position29>
        <Filename Value="peach.pas"/>
        <Caret Line="191" Column="62" TopLine="184"/>
      </Position29>
    </JumpHistory>
  </ProjectOptions>
  <CompilerOptions>
    <Version Value="11"/>
    <PathDelim Value="\"/>
    <Target>
      <Filename Value="peazip"/>
    </Target>
    <SearchPaths>
      <SrcPath Value="$(LazarusDir)\lcl;$(LazarusDir)\lcl\interfaces\$(LCLWidgetType)"/>
    </SearchPaths>
    <Parsing>
      <SyntaxOptions>
        <CStyleOperator Value="False"/>
      </SyntaxOptions>
    </Parsing>
    <CodeGeneration>
      <Optimizations>
        <OptimizationLevel Value="3"/>
      </Optimizations>
    </CodeGeneration>
    <Linking>
      <Debugging>
        <GenerateDebugInfo Value="False"/>
      </Debugging>
      <Options>
        <Win32>
          <GraphicApplication Value="True"/>
        </Win32>
      </Options>
    </Linking>
  </CompilerOptions>
  <Debugging>
    <Exceptions Count="4">
      <Item1>
        <Name Value="EConvertError"/>
      </Item1>
      <Item2>
        <Name Value="EInvalidGraphic"/>
      </Item2>
      <Item3>
        <Name Value="EFOpenError"/>
      </Item3>
      <Item4>
        <Name Value="EInvalidOperation"/>
      </Item4>
    </Exceptions>
  </Debugging>
</CONFIG>
