<?xml version="1.0"?>
<CONFIG>
  <ProjectOptions>
    <PathDelim Value="\"/>
    <Version Value="6"/>
    <General>
      <MainUnit Value="0"/>
      <IconPath Value="./"/>
      <TargetFileExt Value=".exe"/>
      <Title Value="demo_lib"/>
      <ActiveEditorIndexAtStart Value="0"/>
    </General>
    <PublishOptions>
      <Version Value="2"/>
      <IgnoreBinaries Value="False"/>
      <IncludeFileFilter Value="*.(pas|pp|inc|lfm|lpr|lrs|lpi|lpk|sh|xml)"/>
      <ExcludeFileFilter Value="*.(bak|ppu|ppw|o|so);*~;backup"/>
    </PublishOptions>
    <RunParams>
      <local>
        <FormatVersion Value="1"/>
        <LaunchingApplication PathPlusParams="/usr/X11R6/bin/xterm -T 'Lazarus Run Output' -e $(LazarusDir)/tools/runwait.sh $(TargetCmdLine)"/>
      </local>
    </RunParams>
    <RequiredPackages Count="1">
      <Item1>
        <PackageName Value="LCL"/>
      </Item1>
    </RequiredPackages>
    <Units Count="7">
      <Unit0>
        <Filename Value="project_demo_lib.lpr"/>
        <IsPartOfProject Value="True"/>
        <UnitName Value="project_demo_lib"/>
        <CursorPos X="27" Y="11"/>
        <TopLine Value="1"/>
        <EditorIndex Value="2"/>
        <UsageCount Value="33"/>
        <Loaded Value="True"/>
      </Unit0>
      <Unit1>
        <Filename Value="unit_demo_lib.pas"/>
        <ComponentName Value="Form_demo_lib"/>
        <IsPartOfProject Value="True"/>
        <ResourceBaseClass Value="Form"/>
        <ResourceFilename Value="unit_demo_lib.lrs"/>
        <UnitName Value="Unit_demo_lib"/>
        <CursorPos X="103" Y="22"/>
        <TopLine Value="1"/>
        <EditorIndex Value="0"/>
        <UsageCount Value="33"/>
        <Loaded Value="True"/>
      </Unit1>
      <Unit2>
        <Filename Value="unit_pea.pas"/>
        <ComponentName Value="Form_pea"/>
        <HasResources Value="True"/>
        <IsPartOfProject Value="True"/>
        <ResourceBaseClass Value="Form"/>
        <ResourceFilename Value="unit_pea.lrs"/>
        <UnitName Value="Unit_pea"/>
        <CursorPos X="1" Y="1"/>
        <TopLine Value="1"/>
        <EditorIndex Value="3"/>
        <UsageCount Value="31"/>
        <Loaded Value="True"/>
      </Unit2>
      <Unit3>
        <Filename Value="list_utils.pas"/>
        <IsPartOfProject Value="True"/>
        <UnitName Value="list_utils"/>
        <CursorPos X="1" Y="1"/>
        <TopLine Value="1"/>
        <EditorIndex Value="1"/>
        <UsageCount Value="32"/>
        <Loaded Value="True"/>
      </Unit3>
      <Unit4>
        <Filename Value="unit_report.pas"/>
        <HasResources Value="True"/>
        <IsPartOfProject Value="True"/>
        <ResourceFilename Value="unit_report.lrs"/>
        <UnitName Value="unit_report"/>
        <UsageCount Value="31"/>
        <SyntaxHighlighter Value="Text"/>
      </Unit4>
      <Unit5>
        <Filename Value="..\..\..\..\..\lazarus\lcl\forms.pp"/>
        <UnitName Value="Forms"/>
        <CursorPos X="19" Y="449"/>
        <TopLine Value="769"/>
        <UsageCount Value="11"/>
      </Unit5>
      <Unit6>
        <Filename Value="unit_demo_lib.lfm"/>
        <CursorPos X="1" Y="1"/>
        <TopLine Value="1"/>
        <EditorIndex Value="1"/>
        <UsageCount Value="10"/>
        <Loaded Value="True"/>
        <SyntaxHighlighter Value="LFM"/>
      </Unit6>
    </Units>
    <JumpHistory Count="0" HistoryIndex="-1"/>
  </ProjectOptions>
  <CompilerOptions>
    <Version Value="5"/>
    <PathDelim Value="\"/>
    <Target>
      <Filename Value="demo_lib"/>
    </Target>
    <SearchPaths>
      <SrcPath Value="$(LazarusDir)\lcl\;$(LazarusDir)\lcl\interfaces\$(LCLWidgetType)\"/>
    </SearchPaths>
    <CodeGeneration>
      <Generate Value="Faster"/>
    </CodeGeneration>
    <Linking>
      <Options>
        <Win32>
          <GraphicApplication Value="True"/>
        </Win32>
      </Options>
    </Linking>
    <Other>
      <CompilerPath Value="$(CompPath)"/>
    </Other>
  </CompilerOptions>
  <Debugging>
    <BreakPoints Count="5">
      <Item1>
        <Source Value="..\..\PEACH\unit1.pas"/>
        <Line Value="1300"/>
      </Item1>
      <Item2>
        <Source Value="..\..\PEACH\unit1.pas"/>
        <Line Value="841"/>
      </Item2>
      <Item3>
        <Source Value="..\..\PEACH\unit1.pas"/>
        <Line Value="1553"/>
      </Item3>
      <Item4>
        <Source Value="..\..\PEACH\unit1.pas"/>
        <Line Value="1579"/>
      </Item4>
      <Item5>
        <Source Value="..\..\PEACH\unitpea.pas"/>
        <Line Value="663"/>
      </Item5>
    </BreakPoints>
  </Debugging>
</CONFIG>
