<?xml version="1.0" encoding="UTF-8"?>
<CONFIG>
  <ProjectOptions>
    <Version Value="10"/>
    <PathDelim Value="\"/>
    <General>
      <Flags>
        <LRSInOutputDirectory Value="False"/>
      </Flags>
      <MainUnit Value="0"/>
      <Title Value="Pea"/>
      <Scaled Value="True"/>
      <UseXPManifest Value="True"/>
      <XPManifest>
        <DpiAware Value="True"/>
      </XPManifest>
      <Icon Value="0"/>
    </General>
    <BuildModes Count="1">
      <Item1 Name="default" Default="True"/>
    </BuildModes>
    <PublishOptions>
      <Version Value="2"/>
    </PublishOptions>
    <RunParams>
      <local>
        <FormatVersion Value="1"/>
      </local>
    </RunParams>
    <RequiredPackages Count="1">
      <Item1>
        <PackageName Value="LCL"/>
      </Item1>
    </RequiredPackages>
    <Units Count="49">
      <Unit0>
        <Filename Value="project_pea.lpr"/>
        <IsPartOfProject Value="True"/>
        <EditorIndex Value="2"/>
        <CursorPos X="3" Y="26"/>
        <UsageCount Value="200"/>
        <Loaded Value="True"/>
        <LoadedDesigner Value="True"/>
      </Unit0>
      <Unit1>
        <Filename Value="unit1.pas"/>
        <ComponentName Value="Form1"/>
        <ResourceBaseClass Value="Form"/>
        <TopLine Value="305"/>
        <CursorPos X="4" Y="324"/>
        <UsageCount Value="91"/>
      </Unit1>
      <Unit2>
        <Filename Value="unit_pea.lfm"/>
        <TopLine Value="342"/>
        <CursorPos X="41" Y="4"/>
        <UsageCount Value="6"/>
        <DefaultSyntaxHighlighter Value="LFM"/>
      </Unit2>
      <Unit3>
        <Filename Value="pea_utils.pas"/>
        <IsPartOfProject Value="True"/>
        <EditorIndex Value="5"/>
        <TopLine Value="189"/>
        <CursorPos X="55" Y="129"/>
        <UsageCount Value="200"/>
        <Loaded Value="True"/>
      </Unit3>
      <Unit4>
        <Filename Value="list_utils.pas"/>
        <IsPartOfProject Value="True"/>
        <EditorIndex Value="7"/>
        <TopLine Value="344"/>
        <CursorPos X="21" Y="357"/>
        <UsageCount Value="200"/>
        <Loaded Value="True"/>
      </Unit4>
      <Unit5>
        <Filename Value="unit_report.pas"/>
        <IsPartOfProject Value="True"/>
        <ComponentName Value="Form_report"/>
        <HasResources Value="True"/>
        <ResourceBaseClass Value="Form"/>
        <UnitName Value="Unit_report"/>
        <EditorIndex Value="4"/>
        <TopLine Value="34"/>
        <CursorPos X="64" Y="44"/>
        <UsageCount Value="200"/>
        <Loaded Value="True"/>
        <LoadedDesigner Value="True"/>
      </Unit5>
      <Unit6>
        <Filename Value="unit_pea.pas"/>
        <IsPartOfProject Value="True"/>
        <ComponentName Value="Form_pea"/>
        <HasResources Value="True"/>
        <ResourceBaseClass Value="Form"/>
        <UnitName Value="Unit_pea"/>
        <IsVisibleTab Value="True"/>
        <TopLine Value="169"/>
        <CursorPos X="19" Y="182"/>
        <UsageCount Value="200"/>
        <Loaded Value="True"/>
        <LoadedDesigner Value="True"/>
      </Unit6>
      <Unit7>
        <Filename Value="unit2.pas"/>
        <ComponentName Value="Form2"/>
        <CursorPos X="11" Y="10"/>
        <UsageCount Value="87"/>
      </Unit7>
      <Unit8>
        <Filename Value="rfs_utils.pas"/>
        <EditorIndex Value="6"/>
        <TopLine Value="5"/>
        <CursorPos X="68" Y="24"/>
        <UsageCount Value="100"/>
        <Loaded Value="True"/>
      </Unit8>
      <Unit9>
        <Filename Value="we\fcrypta_eax256.pas"/>
        <TopLine Value="44"/>
        <CursorPos X="39" Y="61"/>
        <UsageCount Value="12"/>
      </Unit9>
      <Unit10>
        <Filename Value="unit_report.lfm"/>
        <IsPartOfProject Value="True"/>
        <UsageCount Value="200"/>
        <DefaultSyntaxHighlighter Value="LFM"/>
      </Unit10>
      <Unit11>
        <Filename Value="V:\lazarus\WinXp\WinXP.pas"/>
        <CursorPos X="19" Y="13"/>
        <UsageCount Value="7"/>
      </Unit11>
      <Unit12>
        <Filename Value="ansiutf8_utils.pas"/>
        <EditorIndex Value="3"/>
        <TopLine Value="83"/>
        <CursorPos Y="87"/>
        <UsageCount Value="87"/>
        <Loaded Value="True"/>
      </Unit12>
      <Unit13>
        <Filename Value="I:\lazarus\fpc\2.2.3\source\rtl\inc\systemh.inc"/>
        <TopLine Value="676"/>
        <CursorPos X="11" Y="694"/>
        <UsageCount Value="7"/>
      </Unit13>
      <Unit14>
        <Filename Value="I:\lazarus\fpc\2.2.3\source\rtl\objpas\sysutils\finah.inc"/>
        <TopLine Value="7"/>
        <CursorPos Y="38"/>
        <UsageCount Value="8"/>
      </Unit14>
      <Unit15>
        <Filename Value="I:\lazarus\lcl\forms.pp"/>
        <TopLine Value="491"/>
        <CursorPos X="15" Y="507"/>
        <UsageCount Value="7"/>
      </Unit15>
      <Unit16>
        <Filename Value="I:\lazarus\fpc\2.2.2\source\rtl\objpas\classes\classesh.inc"/>
        <TopLine Value="1814"/>
        <CursorPos X="10" Y="1855"/>
        <UsageCount Value="9"/>
      </Unit16>
      <Unit17>
        <Filename Value="mem_util.pas"/>
        <TopLine Value="59"/>
        <CursorPos X="11" Y="81"/>
        <UsageCount Value="10"/>
      </Unit17>
      <Unit18>
        <Filename Value="I:\lazarus\fpc\2.2.2\source\rtl\inc\systemh.inc"/>
        <TopLine Value="261"/>
        <CursorPos X="9" Y="280"/>
        <UsageCount Value="9"/>
      </Unit18>
      <Unit19>
        <Filename Value="I:\lazarus\fpc\2.2.2\source\rtl\objpas\sysutils\filutilh.inc"/>
        <TopLine Value="73"/>
        <CursorPos X="17" Y="90"/>
        <UsageCount Value="7"/>
      </Unit19>
      <Unit20>
        <Filename Value="I:\lazarus\fpc\2.2.2\source\rtl\objpas\sysutils\sysutils.inc"/>
        <TopLine Value="55"/>
        <CursorPos X="15" Y="61"/>
        <UsageCount Value="7"/>
      </Unit20>
      <Unit21>
        <Filename Value="I:\lazarus\fpc\2.2.2\source\rtl\win\sysutils.pp"/>
        <TopLine Value="435"/>
        <CursorPos X="3" Y="439"/>
        <UsageCount Value="7"/>
      </Unit21>
      <Unit22>
        <Filename Value="I:\lazarus\fpc\2.2.2\source\rtl\objpas\sysutils\sysstrh.inc"/>
        <TopLine Value="95"/>
        <CursorPos X="10" Y="111"/>
        <UsageCount Value="7"/>
      </Unit22>
      <Unit23>
        <Filename Value="I:\lazarus\fpc\2.2.2\source\rtl\objpas\sysutils\sysstr.inc"/>
        <TopLine Value="777"/>
        <CursorPos X="4" Y="799"/>
        <UsageCount Value="7"/>
      </Unit23>
      <Unit24>
        <Filename Value="C:\lazarus\fpc\2.6.2\source\rtl\win\wininc\func.inc"/>
        <CursorPos X="11" Y="390"/>
        <UsageCount Value="9"/>
      </Unit24>
      <Unit25>
        <Filename Value="C:\lazarus\lcl\comctrls.pp"/>
        <TopLine Value="1027"/>
        <CursorPos X="18" Y="1042"/>
        <UsageCount Value="9"/>
      </Unit25>
      <Unit26>
        <Filename Value="C:\lazarus\lcl\include\listitems.inc"/>
        <TopLine Value="107"/>
        <CursorPos X="3" Y="112"/>
        <UsageCount Value="9"/>
      </Unit26>
      <Unit27>
        <Filename Value="C:\lazarus\lcl\grids.pas"/>
        <EditorIndex Value="-1"/>
        <TopLine Value="127"/>
        <CursorPos X="17" Y="151"/>
        <UsageCount Value="10"/>
      </Unit27>
      <Unit28>
        <Filename Value="C:\lazarus\fpc\2.6.4\source\rtl\objpas\sysutils\datih.inc"/>
        <EditorIndex Value="-1"/>
        <TopLine Value="123"/>
        <CursorPos X="10" Y="146"/>
        <UsageCount Value="11"/>
      </Unit28>
      <Unit29>
        <Filename Value="C:\lazarus\fpc\2.6.4\source\rtl\inc\systemh.inc"/>
        <EditorIndex Value="-1"/>
        <TopLine Value="893"/>
        <CursorPos X="11" Y="909"/>
        <UsageCount Value="10"/>
      </Unit29>
      <Unit30>
        <Filename Value="C:\lazarus\fpc\3.0.0\source\packages\fcl-process\src\process.pp"/>
        <EditorIndex Value="-1"/>
        <TopLine Value="12"/>
        <CursorPos X="32" Y="26"/>
        <UsageCount Value="10"/>
      </Unit30>
      <Unit31>
        <Filename Value="aes_eax.pas"/>
        <UnitName Value="AES_EAX"/>
        <EditorIndex Value="-1"/>
        <TopLine Value="58"/>
        <CursorPos X="3" Y="76"/>
        <UsageCount Value="10"/>
      </Unit31>
      <Unit32>
        <Filename Value="fcrypta.pas"/>
        <EditorIndex Value="-1"/>
        <TopLine Value="52"/>
        <CursorPos X="24" Y="256"/>
        <UsageCount Value="10"/>
      </Unit32>
      <Unit33>
        <Filename Value="fcryptt.pas"/>
        <EditorIndex Value="-1"/>
        <CursorPos X="33" Y="22"/>
        <UsageCount Value="11"/>
      </Unit33>
      <Unit34>
        <Filename Value="aes_base.pas"/>
        <UnitName Value="AES_Base"/>
        <EditorIndex Value="-1"/>
        <TopLine Value="91"/>
        <CursorPos X="59" Y="110"/>
        <UsageCount Value="10"/>
      </Unit34>
      <Unit35>
        <Filename Value="aes_type.pas"/>
        <UnitName Value="AES_Type"/>
        <EditorIndex Value="-1"/>
        <TopLine Value="83"/>
        <CursorPos X="3" Y="66"/>
        <UsageCount Value="10"/>
      </Unit35>
      <Unit36>
        <Filename Value="tf_base.pas"/>
        <UnitName Value="TF_Base"/>
        <EditorIndex Value="-1"/>
        <TopLine Value="84"/>
        <CursorPos X="3" Y="102"/>
        <UsageCount Value="10"/>
      </Unit36>
      <Unit37>
        <Filename Value="fcrypts.pas"/>
        <EditorIndex Value="-1"/>
        <CursorPos X="27" Y="21"/>
        <UsageCount Value="10"/>
      </Unit37>
      <Unit38>
        <Filename Value="fcaes256.pas"/>
        <EditorIndex Value="-1"/>
        <TopLine Value="234"/>
        <CursorPos X="70" Y="256"/>
        <UsageCount Value="10"/>
      </Unit38>
      <Unit39>
        <Filename Value="fctf256.pas"/>
        <EditorIndex Value="-1"/>
        <TopLine Value="223"/>
        <CursorPos X="39" Y="246"/>
        <UsageCount Value="11"/>
      </Unit39>
      <Unit40>
        <Filename Value="fcsp256.pas"/>
        <EditorIndex Value="-1"/>
        <TopLine Value="231"/>
        <CursorPos X="114" Y="243"/>
        <UsageCount Value="10"/>
      </Unit40>
      <Unit41>
        <Filename Value="crc32.pas"/>
        <UnitName Value="CRC32"/>
        <EditorIndex Value="-1"/>
        <TopLine Value="330"/>
        <CursorPos X="39" Y="343"/>
        <UsageCount Value="10"/>
      </Unit41>
      <Unit42>
        <Filename Value="D:\Downloads\chksum_src_2017-06-04\cch.pas"/>
        <EditorIndex Value="-1"/>
        <TopLine Value="202"/>
        <CursorPos X="71" Y="31"/>
        <UsageCount Value="10"/>
      </Unit42>
      <Unit43>
        <Filename Value="img_utils.pas"/>
        <EditorIndex Value="1"/>
        <TopLine Value="16"/>
        <UsageCount Value="20"/>
        <Loaded Value="True"/>
      </Unit43>
      <Unit44>
        <Filename Value="blake2b.pas"/>
        <EditorIndex Value="-1"/>
        <TopLine Value="56"/>
        <CursorPos X="3" Y="78"/>
        <UsageCount Value="11"/>
      </Unit44>
      <Unit45>
        <Filename Value="blake2s.pas"/>
        <EditorIndex Value="-1"/>
        <TopLine Value="663"/>
        <CursorPos X="81" Y="670"/>
        <UsageCount Value="10"/>
      </Unit45>
      <Unit46>
        <Filename Value="C:\lazarus\fpc\3.0.4\source\rtl\inc\systemh.inc"/>
        <EditorIndex Value="-1"/>
        <TopLine Value="650"/>
        <CursorPos X="3" Y="669"/>
        <UsageCount Value="10"/>
      </Unit46>
      <Unit47>
        <Filename Value="C:\lazarus\fpc\3.0.4\source\packages\fcl-base\src\custapp.pp"/>
        <UnitName Value="CustApp"/>
        <EditorIndex Value="-1"/>
        <TopLine Value="49"/>
        <CursorPos X="25" Y="66"/>
        <UsageCount Value="11"/>
      </Unit47>
      <Unit48>
        <Filename Value="C:\lazarus\lcl\forms.pp"/>
        <UnitName Value="Forms"/>
        <EditorIndex Value="-1"/>
        <TopLine Value="1800"/>
        <CursorPos X="3" Y="1819"/>
        <UsageCount Value="10"/>
      </Unit48>
    </Units>
    <JumpHistory Count="30" HistoryIndex="29">
      <Position1>
        <Filename Value="unit_pea.pas"/>
        <Caret Line="4" Column="113"/>
      </Position1>
      <Position2>
        <Filename Value="unit_pea.pas"/>
        <Caret Line="587" Column="21" TopLine="555"/>
      </Position2>
      <Position3>
        <Filename Value="unit_pea.pas"/>
        <Caret Line="614" Column="46" TopLine="583"/>
      </Position3>
      <Position4>
        <Filename Value="unit_pea.pas"/>
        <Caret Line="616" Column="30" TopLine="584"/>
      </Position4>
      <Position5>
        <Filename Value="unit_pea.pas"/>
        <Caret Line="617" Column="32" TopLine="585"/>
      </Position5>
      <Position6>
        <Filename Value="unit_pea.pas"/>
        <Caret Line="618" Column="28" TopLine="586"/>
      </Position6>
      <Position7>
        <Filename Value="unit_pea.pas"/>
        <Caret Line="854" Column="79" TopLine="822"/>
      </Position7>
      <Position8>
        <Filename Value="unit_pea.pas"/>
        <Caret Line="872" Column="8" TopLine="840"/>
      </Position8>
      <Position9>
        <Filename Value="unit_pea.pas"/>
        <Caret Line="1361" Column="16" TopLine="1329"/>
      </Position9>
      <Position10>
        <Filename Value="unit_pea.pas"/>
        <Caret Line="1363" Column="42" TopLine="1331"/>
      </Position10>
      <Position11>
        <Filename Value="unit_pea.pas"/>
        <Caret Line="1364" Column="21" TopLine="1332"/>
      </Position11>
      <Position12>
        <Filename Value="unit_pea.pas"/>
        <Caret Line="1365" Column="25" TopLine="1333"/>
      </Position12>
      <Position13>
        <Filename Value="unit_pea.pas"/>
        <Caret Line="1366" Column="21" TopLine="1334"/>
      </Position13>
      <Position14>
        <Filename Value="unit_pea.pas"/>
        <Caret Line="1372" Column="66" TopLine="1340"/>
      </Position14>
      <Position15>
        <Filename Value="unit_pea.pas"/>
        <Caret Line="1373" Column="37" TopLine="1341"/>
      </Position15>
      <Position16>
        <Filename Value="unit_pea.pas"/>
        <Caret Line="1376" Column="24" TopLine="1344"/>
      </Position16>
      <Position17>
        <Filename Value="unit_pea.pas"/>
        <Caret Line="4540" Column="61" TopLine="4524"/>
      </Position17>
      <Position18>
        <Filename Value="unit_pea.pas"/>
        <Caret Line="4700" Column="26" TopLine="4671"/>
      </Position18>
      <Position19>
        <Filename Value="unit_pea.pas"/>
        <Caret Line="185" Column="71" TopLine="166"/>
      </Position19>
      <Position20>
        <Filename Value="unit_pea.pas"/>
        <Caret Line="4456" Column="20" TopLine="4442"/>
      </Position20>
      <Position21>
        <Filename Value="unit_pea.pas"/>
        <Caret Line="4826" Column="51" TopLine="4807"/>
      </Position21>
      <Position22>
        <Filename Value="unit_pea.pas"/>
        <Caret Line="6508" Column="6" TopLine="6476"/>
      </Position22>
      <Position23>
        <Filename Value="unit_pea.pas"/>
        <Caret Line="4973" Column="14" TopLine="4955"/>
      </Position23>
      <Position24>
        <Filename Value="unit_pea.pas"/>
        <Caret Line="4985" Column="12" TopLine="4959"/>
      </Position24>
      <Position25>
        <Filename Value="unit_pea.pas"/>
        <Caret Line="6512" Column="2" TopLine="6489"/>
      </Position25>
      <Position26>
        <Filename Value="unit_pea.pas"/>
        <Caret Line="184" Column="79" TopLine="169"/>
      </Position26>
      <Position27>
        <Filename Value="unit_pea.pas"/>
        <Caret Line="4456" Column="20" TopLine="4448"/>
      </Position27>
      <Position28>
        <Filename Value="unit_pea.pas"/>
        <Caret Line="176" Column="39" TopLine="156"/>
      </Position28>
      <Position29>
        <Filename Value="unit_pea.pas"/>
        <Caret Line="4456" Column="20" TopLine="4439"/>
      </Position29>
      <Position30>
        <Filename Value="unit_pea.pas"/>
        <Caret Line="4457" Column="15" TopLine="4439"/>
      </Position30>
    </JumpHistory>
  </ProjectOptions>
  <CompilerOptions>
    <Version Value="11"/>
    <PathDelim Value="\"/>
    <Target>
      <Filename Value="pea"/>
    </Target>
    <SearchPaths>
      <SrcPath Value="$(LazarusDir)\lcl;$(LazarusDir)\lcl\interfaces\$(LCLWidgetType)"/>
    </SearchPaths>
    <Parsing>
      <SyntaxOptions>
        <UseAnsiStrings Value="False"/>
      </SyntaxOptions>
    </Parsing>
    <CodeGeneration>
      <Optimizations>
        <OptimizationLevel Value="3"/>
      </Optimizations>
    </CodeGeneration>
    <Linking>
      <Debugging>
        <GenerateDebugInfo Value="False"/>
      </Debugging>
      <Options>
        <Win32>
          <GraphicApplication Value="True"/>
        </Win32>
      </Options>
    </Linking>
  </CompilerOptions>
  <Debugging>
    <BreakPoints Count="5">
      <Item1>
        <Kind Value="bpkSource"/>
        <WatchScope Value="wpsGlobal"/>
        <WatchKind Value="wpkWrite"/>
        <Source Value="unit1.pas"/>
        <Line Value="1300"/>
      </Item1>
      <Item2>
        <Kind Value="bpkSource"/>
        <WatchScope Value="wpsGlobal"/>
        <WatchKind Value="wpkWrite"/>
        <Source Value="unit1.pas"/>
        <Line Value="841"/>
      </Item2>
      <Item3>
        <Kind Value="bpkSource"/>
        <WatchScope Value="wpsGlobal"/>
        <WatchKind Value="wpkWrite"/>
        <Source Value="unit1.pas"/>
        <Line Value="1553"/>
      </Item3>
      <Item4>
        <Kind Value="bpkSource"/>
        <WatchScope Value="wpsGlobal"/>
        <WatchKind Value="wpkWrite"/>
        <Source Value="unit1.pas"/>
        <Line Value="1579"/>
      </Item4>
      <Item5>
        <Kind Value="bpkSource"/>
        <WatchScope Value="wpsGlobal"/>
        <WatchKind Value="wpkWrite"/>
        <Source Value="unitpea.pas"/>
        <Line Value="663"/>
      </Item5>
    </BreakPoints>
  </Debugging>
</CONFIG>
